
Microsoft Visual Studio Solution File, Format Version 12.00
# Visual Studio 15
VisualStudioVersion = 15.0.27004.2006
MinimumVisualStudioVersion = 10.0.40219.1
Project("{E24C65DC-7377-472B-9ABA-BC803B73C61A}") = "alias.github.io", ".", "{5C9FB005-184C-4261-A35E-A0BB115EF77D}"
	ProjectSection(WebsiteProperties) = preProject
		TargetFrameworkMoniker = ".NETFramework,Version%3Dv4.5.2"
		Debug.AspNetCompiler.VirtualPath = "/localhost_54563"
		Debug.AspNetCompiler.PhysicalPath = "..\alias.github.io\"
		Debug.AspNetCompiler.TargetPath = "PrecompiledWeb\localhost_54563\"
		Debug.AspNetCompiler.Updateable = "true"
		Debug.AspNetCompiler.ForceOverwrite = "true"
		Debug.AspNetCompiler.FixedNames = "false"
		Debug.AspNetCompiler.Debug = "True"
		Release.AspNetCompiler.VirtualPath = "/localhost_54563"
		Release.AspNetCompiler.PhysicalPath = "..\alias.github.io\"
		Release.AspNetCompiler.TargetPath = "PrecompiledWeb\localhost_54563\"
		Release.AspNetCompiler.Updateable = "true"
		Release.AspNetCompiler.ForceOverwrite = "true"
		Release.AspNetCompiler.FixedNames = "false"
		Release.AspNetCompiler.Debug = "False"
		VWDPort = "54563"
		SlnRelativePath = "..\alias.github.io\"
	EndProjectSection
EndProject
Global
	GlobalSection(SolutionConfigurationPlatforms) = preSolution
		Debug|Any CPU = Debug|Any CPU
	EndGlobalSection
	GlobalSection(ProjectConfigurationPlatforms) = postSolution
		{5C9FB005-184C-4261-A35E-A0BB115EF77D}.Debug|Any CPU.ActiveCfg = Debug|Any CPU
		{5C9FB005-184C-4261-A35E-A0BB115EF77D}.Debug|Any CPU.Build.0 = Debug|Any CPU
	EndGlobalSection
	GlobalSection(SolutionProperties) = preSolution
		HideSolutionNode = FALSE
	EndGlobalSection
	GlobalSection(ExtensibilityGlobals) = postSolution
		SolutionGuid = {51211CF3-B418-4BA4-89E8-B2E03DB10305}
	EndGlobalSection
EndGlobal
